// !$*UTF8*$!
{
	archiveVersion = 1;
	classes = {
	};
	objectVersion = 56;
	objects = {

/* Begin PBXBuildFile section */
		267B9D422B8137A100F0953E /* Dicee_SwiftUIApp.swift in Sources */ = {isa = PBXBuildFile; fileRef = 267B9D412B8137A100F0953E /* Dicee_SwiftUIApp.swift */; };
		267B9D442B8137A100F0953E /* ContentView.swift in Sources */ = {isa = PBXBuildFile; fileRef = 267B9D432B8137A100F0953E /* ContentView.swift */; };
		267B9D462B8137A400F0953E /* Assets.xcassets in Resources */ = {isa = PBXBuildFile; fileRef = 267B9D452B8137A400F0953E /* Assets.xcassets */; };
		267B9D492B8137A400F0953E /* Preview Assets.xcassets in Resources */ = {isa = PBXBuildFile; fileRef = 267B9D482B8137A400F0953E /* Preview Assets.xcassets */; };
		267B9D532B8137A400F0953E /* Dicee_SwiftUITests.swift in Sources */ = {isa = PBXBuildFile; fileRef = 267B9D522B8137A400F0953E /* Dicee_SwiftUITests.swift */; };
		267B9D5D2B8137A400F0953E /* Dicee_SwiftUIUITests.swift in Sources */ = {isa = PBXBuildFile; fileRef = 267B9D5C2B8137A400F0953E /* Dicee_SwiftUIUITests.swift */; };
		267B9D5F2B8137A400F0953E /* Dicee_SwiftUIUITestsLaunchTests.swift in Sources */ = {isa = PBXBuildFile; fileRef = 267B9D5E2B8137A400F0953E /* Dicee_SwiftUIUITestsLaunchTests.swift */; };
/* End PBXBuildFile section */

/* Begin PBXContainerItemProxy section */
		267B9D4F2B8137A400F0953E /* PBXContainerItemProxy */ = {
			isa = PBXContainerItemProxy;
			containerPortal = 267B9D362B8137A100F0953E /* Project object */;
			proxyType = 1;
			remoteGlobalIDString = 267B9D3D2B8137A100F0953E;
			remoteInfo = "Dicee-SwiftUI";
		};
		267B9D592B8137A400F0953E /* PBXContainerItemProxy */ = {
			isa = PBXContainerItemProxy;
			containerPortal = 267B9D362B8137A100F0953E /* Project object */;
			proxyType = 1;
			remoteGlobalIDString = 267B9D3D2B8137A100F0953E;
			remoteInfo = "Dicee-SwiftUI";
		};
/* End PBXContainerItemProxy section */

/* Begin PBXFileReference section */
		267B9D3E2B8137A100F0953E /* Dicee-SwiftUI.app */ = {isa = PBXFileReference; explicitFileType = wrapper.application; includeInIndex = 0; path = "Dicee-SwiftUI.app"; sourceTree = BUILT_PRODUCTS_DIR; };
		267B9D412B8137A100F0953E /* Dicee_SwiftUIApp.swift */ = {isa = PBXFileReference; lastKnownFileType = sourcecode.swift; path = Dicee_SwiftUIApp.swift; sourceTree = "<group>"; };
		267B9D432B8137A100F0953E /* ContentView.swift */ = {isa = PBXFileReference; lastKnownFileType = sourcecode.swift; path = ContentView.swift; sourceTree = "<group>"; };
		267B9D452B8137A400F0953E /* Assets.xcassets */ = {isa = PBXFileReference; lastKnownFileType = folder.assetcatalog; path = Assets.xcassets; sourceTree = "<group>"; };
		267B9D482B8137A400F0953E /* Preview Assets.xcassets */ = {isa = PBXFileReference; lastKnownFileType = folder.assetcatalog; path = "Preview Assets.xcassets"; sourceTree = "<group>"; };
		267B9D4E2B8137A400F0953E /* Dicee-SwiftUITests.xctest */ = {isa = PBXFileReference; explicitFileType = wrapper.cfbundle; includeInIndex = 0; path = "Dicee-SwiftUITests.xctest"; sourceTree = BUILT_PRODUCTS_DIR; };
		267B9D522B8137A400F0953E /* Dicee_SwiftUITests.swift */ = {isa = PBXFileReference; lastKnownFileType = sourcecode.swift; path = Dicee_SwiftUITests.swift; sourceTree = "<group>"; };
		267B9D582B8137A400F0953E /* Dicee-SwiftUIUITests.xctest */ = {isa = PBXFileReference; explicitFileType = wrapper.cfbundle; includeInIndex = 0; path = "Dicee-SwiftUIUITests.xctest"; sourceTree = BUILT_PRODUCTS_DIR; };
		267B9D5C2B8137A400F0953E /* Dicee_SwiftUIUITests.swift */ = {isa = PBXFileReference; lastKnownFileType = sourcecode.swift; path = Dicee_SwiftUIUITests.swift; sourceTree = "<group>"; };
		267B9D5E2B8137A400F0953E /* Dicee_SwiftUIUITestsLaunchTests.swift */ = {isa = PBXFileReference; lastKnownFileType = sourcecode.swift; path = Dicee_SwiftUIUITestsLaunchTests.swift; sourceTree = "<group>"; };
/* End PBXFileReference section */

/* Begin PBXFrameworksBuildPhase section */
		267B9D3B2B8137A100F0953E /* Frameworks */ = {
			isa = PBXFrameworksBuildPhase;
			buildActionMask = 2147483647;
			files = (
			);
			runOnlyForDeploymentPostprocessing = 0;
		};
		267B9D4B2B8137A400F0953E /* Frameworks */ = {
			isa = PBXFrameworksBuildPhase;
			buildActionMask = 2147483647;
			files = (
			);
			runOnlyForDeploymentPostprocessing = 0;
		};
		267B9D552B8137A400F0953E /* Frameworks */ = {
			isa = PBXFrameworksBuildPhase;
			buildActionMask = 2147483647;
			files = (
			);
			runOnlyForDeploymentPostprocessing = 0;
		};
/* End PBXFrameworksBuildPhase section */

/* Begin PBXGroup section */
		267B9D352B8137A100F0953E = {
			isa = PBXGroup;
			children = (
				267B9D402B8137A100F0953E /* Dicee-SwiftUI */,
				267B9D512B8137A400F0953E /* Dicee-SwiftUITests */,
				267B9D5B2B8137A400F0953E /* Dicee-SwiftUIUITests */,
				267B9D3F2B8137A100F0953E /* Products */,
			);
			sourceTree = "<group>";
		};
		267B9D3F2B8137A100F0953E /* Products */ = {
			isa = PBXGroup;
			children = (
				267B9D3E2B8137A100F0953E /* Dicee-SwiftUI.app */,
				267B9D4E2B8137A400F0953E /* Dicee-SwiftUITests.xctest */,
				267B9D582B8137A400F0953E /* Dicee-SwiftUIUITests.xctest */,
			);
			name = Products;
			sourceTree = "<group>";
		};
		267B9D402B8137A100F0953E /* Dicee-SwiftUI */ = {
			isa = PBXGroup;
			children = (
				267B9D412B8137A100F0953E /* Dicee_SwiftUIApp.swift */,
				267B9D432B8137A100F0953E /* ContentView.swift */,
				267B9D452B8137A400F0953E /* Assets.xcassets */,
				267B9D472B8137A400F0953E /* Preview Content */,
			);
			path = "Dicee-SwiftUI";
			sourceTree = "<group>";
		};
		267B9D472B8137A400F0953E /* Preview Content */ = {
			isa = PBXGroup;
			children = (
				267B9D482B8137A400F0953E /* Preview Assets.xcassets */,
			);
			path = "Preview Content";
			sourceTree = "<group>";
		};
		267B9D512B8137A400F0953E /* Dicee-SwiftUITests */ = {
			isa = PBXGroup;
			children = (
				267B9D522B8137A400F0953E /* Dicee_SwiftUITests.swift */,
			);
			path = "Dicee-SwiftUITests";
			sourceTree = "<group>";
		};
		267B9D5B2B8137A400F0953E /* Dicee-SwiftUIUITests */ = {
			isa = PBXGroup;
			children = (
				267B9D5C2B8137A400F0953E /* Dicee_SwiftUIUITests.swift */,
				267B9D5E2B8137A400F0953E /* Dicee_SwiftUIUITestsLaunchTests.swift */,
			);
			path = "Dicee-SwiftUIUITests";
			sourceTree = "<group>";
		};
/* End PBXGroup section */

/* Begin PBXNativeTarget section */
		267B9D3D2B8137A100F0953E /* Dicee-SwiftUI */ = {
			isa = PBXNativeTarget;
			buildConfigurationList = 267B9D622B8137A400F0953E /* Build configuration list for PBXNativeTarget "Dicee-SwiftUI" */;
			buildPhases = (
				267B9D3A2B8137A100F0953E /* Sources */,
				267B9D3B2B8137A100F0953E /* Frameworks */,
				267B9D3C2B8137A100F0953E /* Resources */,
			);
			buildRules = (
			);
			dependencies = (
			);
			name = "Dicee-SwiftUI";
			productName = "Dicee-SwiftUI";
			productReference = 267B9D3E2B8137A100F0953E /* Dicee-SwiftUI.app */;
			productType = "com.apple.product-type.application";
		};
		267B9D4D2B8137A400F0953E /* Dicee-SwiftUITests */ = {
			isa = PBXNativeTarget;
			buildConfigurationList = 267B9D652B8137A400F0953E /* Build configuration list for PBXNativeTarget "Dicee-SwiftUITests" */;
			buildPhases = (
				267B9D4A2B8137A400F0953E /* Sources */,
				267B9D4B2B8137A400F0953E /* Frameworks */,
				267B9D4C2B8137A400F0953E /* Resources */,
			);
			buildRules = (
			);
			dependencies = (
				267B9D502B8137A400F0953E /* PBXTargetDependency */,
			);
			name = "Dicee-SwiftUITests";
			productName = "Dicee-SwiftUITests";
			productReference = 267B9D4E2B8137A400F0953E /* Dicee-SwiftUITests.xctest */;
			productType = "com.apple.product-type.bundle.unit-test";
		};
		267B9D572B8137A400F0953E /* Dicee-SwiftUIUITests */ = {
			isa = PBXNativeTarget;
			buildConfigurationList = 267B9D682B8137A400F0953E /* Build configuration list for PBXNativeTarget "Dicee-SwiftUIUITests" */;
			buildPhases = (
				267B9D542B8137A400F0953E /* Sources */,
				267B9D552B8137A400F0953E /* Frameworks */,
				267B9D562B8137A400F0953E /* Resources */,
			);
			buildRules = (
			);
			dependencies = (
				267B9D5A2B8137A400F0953E /* PBXTargetDependency */,
			);
			name = "Dicee-SwiftUIUITests";
			productName = "Dicee-SwiftUIUITests";
			productReference = 267B9D582B8137A400F0953E /* Dicee-SwiftUIUITests.xctest */;
			productType = "com.apple.product-type.bundle.ui-testing";
		};
/* End PBXNativeTarget section */

/* Begin PBXProject section */
		267B9D362B8137A100F0953E /* Project object */ = {
			isa = PBXProject;
			attributes = {
				BuildIndependentTargetsInParallel = 1;
				LastSwiftUpdateCheck = 1520;
				LastUpgradeCheck = 1520;
				TargetAttributes = {
					267B9D3D2B8137A100F0953E = {
						CreatedOnToolsVersion = 15.2;
					};
					267B9D4D2B8137A400F0953E = {
						CreatedOnToolsVersion = 15.2;
						TestTargetID = 267B9D3D2B8137A100F0953E;
					};
					267B9D572B8137A400F0953E = {
						CreatedOnToolsVersion = 15.2;
						TestTargetID = 267B9D3D2B8137A100F0953E;
					};
				};
			};
			buildConfigurationList = 267B9D392B8137A100F0953E /* Build configuration list for PBXProject "Dicee-SwiftUI" */;
			compatibilityVersion = "Xcode 14.0";
			developmentRegion = en;
			hasScannedForEncodings = 0;
			knownRegions = (
				en,
				Base,
			);
			mainGroup = 267B9D352B8137A100F0953E;
			productRefGroup = 267B9D3F2B8137A100F0953E /* Products */;
			projectDirPath = "";
			projectRoot = "";
			targets = (
				267B9D3D2B8137A100F0953E /* Dicee-SwiftUI */,
				267B9D4D2B8137A400F0953E /* Dicee-SwiftUITests */,
				267B9D572B8137A400F0953E /* Dicee-SwiftUIUITests */,
			);
		};
/* End PBXProject section */

/* Begin PBXResourcesBuildPhase section */
		267B9D3C2B8137A100F0953E /* Resources */ = {
			isa = PBXResourcesBuildPhase;
			buildActionMask = 2147483647;
			files = (
				267B9D492B8137A400F0953E /* Preview Assets.xcassets in Resources */,
				267B9D462B8137A400F0953E /* Assets.xcassets in Resources */,
			);
			runOnlyForDeploymentPostprocessing = 0;
		};
		267B9D4C2B8137A400F0953E /* Resources */ = {
			isa = PBXResourcesBuildPhase;
			buildActionMask = 2147483647;
			files = (
			);
			runOnlyForDeploymentPostprocessing = 0;
		};
		267B9D562B8137A400F0953E /* Resources */ = {
			isa = PBXResourcesBuildPhase;
			buildActionMask = 2147483647;
			files = (
			);
			runOnlyForDeploymentPostprocessing = 0;
		};
/* End PBXResourcesBuildPhase section */

/* Begin PBXSourcesBuildPhase section */
		267B9D3A2B8137A100F0953E /* Sources */ = {
			isa = PBXSourcesBuildPhase;
			buildActionMask = 2147483647;
			files = (
				267B9D442B8137A100F0953E /* ContentView.swift in Sources */,
				267B9D422B8137A100F0953E /* Dicee_SwiftUIApp.swift in Sources */,
			);
			runOnlyForDeploymentPostprocessing = 0;
		};
		267B9D4A2B8137A400F0953E /* Sources */ = {
			isa = PBXSourcesBuildPhase;
			buildActionMask = 2147483647;
			files = (
				267B9D532B8137A400F0953E /* Dicee_SwiftUITests.swift in Sources */,
			);
			runOnlyForDeploymentPostprocessing = 0;
		};
		267B9D542B8137A400F0953E /* Sources */ = {
			isa = PBXSourcesBuildPhase;
			buildActionMask = 2147483647;
			files = (
				267B9D5D2B8137A400F0953E /* Dicee_SwiftUIUITests.swift in Sources */,
				267B9D5F2B8137A400F0953E /* Dicee_SwiftUIUITestsLaunchTests.swift in Sources */,
			);
			runOnlyForDeploymentPostprocessing = 0;
		};
/* End PBXSourcesBuildPhase section */

/* Begin PBXTargetDependency section */
		267B9D502B8137A400F0953E /* PBXTargetDependency */ = {
			isa = PBXTargetDependency;
			target = 267B9D3D2B8137A100F0953E /* Dicee-SwiftUI */;
			targetProxy = 267B9D4F2B8137A400F0953E /* PBXContainerItemProxy */;
		};
		267B9D5A2B8137A400F0953E /* PBXTargetDependency */ = {
			isa = PBXTargetDependency;
			target = 267B9D3D2B8137A100F0953E /* Dicee-SwiftUI */;
			targetProxy = 267B9D592B8137A400F0953E /* PBXContainerItemProxy */;
		};
/* End PBXTargetDependency section */

/* Begin XCBuildConfiguration section */
		267B9D602B8137A400F0953E /* Debug */ = {
			isa = XCBuildConfiguration;
			buildSettings = {
				ALWAYS_SEARCH_USER_PATHS = NO;
				ASSETCATALOG_COMPILER_GENERATE_SWIFT_ASSET_SYMBOL_EXTENSIONS = YES;
				CLANG_ANALYZER_NONNULL = YES;
				CLANG_ANALYZER_NUMBER_OBJECT_CONVERSION = YES_AGGRESSIVE;
				CLANG_CXX_LANGUAGE_STANDARD = "gnu++20";
				CLANG_ENABLE_MODULES = YES;
				CLANG_ENABLE_OBJC_ARC = YES;
				CLANG_ENABLE_OBJC_WEAK = YES;
				CLANG_WARN_BLOCK_CAPTURE_AUTORELEASING = YES;
				CLANG_WARN_BOOL_CONVERSION = YES;
				CLANG_WARN_COMMA = YES;
				CLANG_WARN_CONSTANT_CONVERSION = YES;
				CLANG_WARN_DEPRECATED_OBJC_IMPLEMENTATIONS = YES;
				CLANG_WARN_DIRECT_OBJC_ISA_USAGE = YES_ERROR;
				CLANG_WARN_DOCUMENTATION_COMMENTS = YES;
				CLANG_WARN_EMPTY_BODY = YES;
				CLANG_WARN_ENUM_CONVERSION = YES;
				CLANG_WARN_INFINITE_RECURSION = YES;
				CLANG_WARN_INT_CONVERSION = YES;
				CLANG_WARN_NON_LITERAL_NULL_CONVERSION = YES;
				CLANG_WARN_OBJC_IMPLICIT_RETAIN_SELF = YES;
				CLANG_WARN_OBJC_LITERAL_CONVERSION = YES;
				CLANG_WARN_OBJC_ROOT_CLASS = YES_ERROR;
				CLANG_WARN_QUOTED_INCLUDE_IN_FRAMEWORK_HEADER = YES;
				CLANG_WARN_RANGE_LOOP_ANALYSIS = YES;
				CLANG_WARN_STRICT_PROTOTYPES = YES;
				CLANG_WARN_SUSPICIOUS_MOVE = YES;
				CLANG_WARN_UNGUARDED_AVAILABILITY = YES_AGGRESSIVE;
				CLANG_WARN_UNREACHABLE_CODE = YES;
				CLANG_WARN__DUPLICATE_METHOD_MATCH = YES;
				COPY_PHASE_STRIP = NO;
				DEBUG_INFORMATION_FORMAT = dwarf;
				ENABLE_STRICT_OBJC_MSGSEND = YES;
				ENABLE_TESTABILITY = YES;
				ENABLE_USER_SCRIPT_SANDBOXING = YES;
				GCC_C_LANGUAGE_STANDARD = gnu17;
				GCC_DYNAMIC_NO_PIC = NO;
				GCC_NO_COMMON_BLOCKS = YES;
				GCC_OPTIMIZATION_LEVEL = 0;
				GCC_PREPROCESSOR_DEFINITIONS = (
					"DEBUG=1",
					"$(inherited)",
				);
				GCC_WARN_64_TO_32_BIT_CONVERSION = YES;
				GCC_WARN_ABOUT_RETURN_TYPE = YES_ERROR;
				GCC_WARN_UNDECLARED_SELECTOR = YES;
				GCC_WARN_UNINITIALIZED_AUTOS = YES_AGGRESSIVE;
				GCC_WARN_UNUSED_FUNCTION = YES;
				GCC_WARN_UNUSED_VARIABLE = YES;
				IPHONEOS_DEPLOYMENT_TARGET = 17.2;
				LOCALIZATION_PREFERS_STRING_CATALOGS = YES;
				MTL_ENABLE_DEBUG_INFO = INCLUDE_SOURCE;
				MTL_FAST_MATH = YES;
				ONLY_ACTIVE_ARCH = YES;
				SDKROOT = iphoneos;
				SWIFT_ACTIVE_COMPILATION_CONDITIONS = "DEBUG $(inherited)";
				SWIFT_OPTIMIZATION_LEVEL = "-Onone";
			};
			name = Debug;
		};
		267B9D612B8137A400F0953E /* Release */ = {
			isa = XCBuildConfiguration;
			buildSettings = {
				ALWAYS_SEARCH_USER_PATHS = NO;
				ASSETCATALOG_COMPILER_GENERATE_SWIFT_ASSET_SYMBOL_EXTENSIONS = YES;
				CLANG_ANALYZER_NONNULL = YES;
				CLANG_ANALYZER_NUMBER_OBJECT_CONVERSION = YES_AGGRESSIVE;
				CLANG_CXX_LANGUAGE_STANDARD = "gnu++20";
				CLANG_ENABLE_MODULES = YES;
				CLANG_ENABLE_OBJC_ARC = YES;
				CLANG_ENABLE_OBJC_WEAK = YES;
				CLANG_WARN_BLOCK_CAPTURE_AUTORELEASING = YES;
				CLANG_WARN_BOOL_CONVERSION = YES;
				CLANG_WARN_COMMA = YES;
				CLANG_WARN_CONSTANT_CONVERSION = YES;
				CLANG_WARN_DEPRECATED_OBJC_IMPLEMENTATIONS = YES;
				CLANG_WARN_DIRECT_OBJC_ISA_USAGE = YES_ERROR;
				CLANG_WARN_DOCUMENTATION_COMMENTS = YES;
				CLANG_WARN_EMPTY_BODY = YES;
				CLANG_WARN_ENUM_CONVERSION = YES;
				CLANG_WARN_INFINITE_RECURSION = YES;
				CLANG_WARN_INT_CONVERSION = YES;
				CLANG_WARN_NON_LITERAL_NULL_CONVERSION = YES;
				CLANG_WARN_OBJC_IMPLICIT_RETAIN_SELF = YES;
				CLANG_WARN_OBJC_LITERAL_CONVERSION = YES;
				CLANG_WARN_OBJC_ROOT_CLASS = YES_ERROR;
				CLANG_WARN_QUOTED_INCLUDE_IN_FRAMEWORK_HEADER = YES;
				CLANG_WARN_RANGE_LOOP_ANALYSIS = YES;
				CLANG_WARN_STRICT_PROTOTYPES = YES;
				CLANG_WARN_SUSPICIOUS_MOVE = YES;
				CLANG_WARN_UNGUARDED_AVAILABILITY = YES_AGGRESSIVE;
				CLANG_WARN_UNREACHABLE_CODE = YES;
				CLANG_WARN__DUPLICATE_METHOD_MATCH = YES;
				COPY_PHASE_STRIP = NO;
				DEBUG_INFORMATION_FORMAT = "dwarf-with-dsym";
				ENABLE_NS_ASSERTIONS = NO;
				ENABLE_STRICT_OBJC_MSGSEND = YES;
				ENABLE_USER_SCRIPT_SANDBOXING = YES;
				GCC_C_LANGUAGE_STANDARD = gnu17;
				GCC_NO_COMMON_BLOCKS = YES;
				GCC_WARN_64_TO_32_BIT_CONVERSION = YES;
				GCC_WARN_ABOUT_RETURN_TYPE = YES_ERROR;
				GCC_WARN_UNDECLARED_SELECTOR = YES;
				GCC_WARN_UNINITIALIZED_AUTOS = YES_AGGRESSIVE;
				GCC_WARN_UNUSED_FUNCTION = YES;
				GCC_WARN_UNUSED_VARIABLE = YES;
				IPHONEOS_DEPLOYMENT_TARGET = 17.2;
				LOCALIZATION_PREFERS_STRING_CATALOGS = YES;
				MTL_ENABLE_DEBUG_INFO = NO;
				MTL_FAST_MATH = YES;
				SDKROOT = iphoneos;
				SWIFT_COMPILATION_MODE = wholemodule;
				VALIDATE_PRODUCT = YES;
			};
			name = Release;
		};
		267B9D632B8137A400F0953E /* Debug */ = {
			isa = XCBuildConfiguration;
			buildSettings = {
				ASSETCATALOG_COMPILER_APPICON_NAME = AppIcon;
				ASSETCATALOG_COMPILER_GLOBAL_ACCENT_COLOR_NAME = AccentColor;
				CODE_SIGN_STYLE = Automatic;
				CURRENT_PROJECT_VERSION = 1;
				DEVELOPMENT_ASSET_PATHS = "\"Dicee-SwiftUI/Preview Content\"";
				ENABLE_PREVIEWS = YES;
				GENERATE_INFOPLIST_FILE = YES;
				INFOPLIST_KEY_UIApplicationSceneManifest_Generation = YES;
				INFOPLIST_KEY_UIApplicationSupportsIndirectInputEvents = YES;
				INFOPLIST_KEY_UILaunchScreen_Generation = YES;
				INFOPLIST_KEY_UISupportedInterfaceOrientations_iPad = "UIInterfaceOrientationPortrait UIInterfaceOrientationPortraitUpsideDown UIInterfaceOrientationLandscapeLeft UIInterfaceOrientationLandscapeRight";
				INFOPLIST_KEY_UISupportedInterfaceOrientations_iPhone = "UIInterfaceOrientationPortrait UIInterfaceOrientationLandscapeLeft UIInterfaceOrientationLandscapeRight";
				LD_RUNPATH_SEARCH_PATHS = (
					"$(inherited)",
					"@executable_path/Frameworks",
				);
				MARKETING_VERSION = 1.0;
				PRODUCT_BUNDLE_IDENTIFIER = "Garrett-Keyes.Dicee-SwiftUI";
				PRODUCT_NAME = "$(TARGET_NAME)";
				SWIFT_EMIT_LOC_STRINGS = YES;
				SWIFT_VERSION = 5.0;
				TARGETED_DEVICE_FAMILY = "1,2";
			};
			name = Debug;
		};
		267B9D642B8137A400F0953E /* Release */ = {
			isa = XCBuildConfiguration;
			buildSettings = {
				ASSETCATALOG_COMPILER_APPICON_NAME = AppIcon;
				ASSETCATALOG_COMPILER_GLOBAL_ACCENT_COLOR_NAME = AccentColor;
				CODE_SIGN_STYLE = Automatic;
				CURRENT_PROJECT_VERSION = 1;
				DEVELOPMENT_ASSET_PATHS = "\"Dicee-SwiftUI/Preview Content\"";
				ENABLE_PREVIEWS = YES;
				GENERATE_INFOPLIST_FILE = YES;
				INFOPLIST_KEY_UIApplicationSceneManifest_Generation = YES;
				INFOPLIST_KEY_UIApplicationSupportsIndirectInputEvents = YES;
				INFOPLIST_KEY_UILaunchScreen_Generation = YES;
				INFOPLIST_KEY_UISupportedInterfaceOrientations_iPad = "UIInterfaceOrientationPortrait UIInterfaceOrientationPortraitUpsideDown UIInterfaceOrientationLandscapeLeft UIInterfaceOrientationLandscapeRight";
				INFOPLIST_KEY_UISupportedInterfaceOrientations_iPhone = "UIInterfaceOrientationPortrait UIInterfaceOrientationLandscapeLeft UIInterfaceOrientationLandscapeRight";
				LD_RUNPATH_SEARCH_PATHS = (
					"$(inherited)",
					"@executable_path/Frameworks",
				);
				MARKETING_VERSION = 1.0;
				PRODUCT_BUNDLE_IDENTIFIER = "Garrett-Keyes.Dicee-SwiftUI";
				PRODUCT_NAME = "$(TARGET_NAME)";
				SWIFT_EMIT_LOC_STRINGS = YES;
				SWIFT_VERSION = 5.0;
				TARGETED_DEVICE_FAMILY = "1,2";
			};
			name = Release;
		};
		267B9D662B8137A400F0953E /* Debug */ = {
			isa = XCBuildConfiguration;
			buildSettings = {
				ALWAYS_EMBED_SWIFT_STANDARD_LIBRARIES = YES;
				BUNDLE_LOADER = "$(TEST_HOST)";
				CODE_SIGN_STYLE = Automatic;
				CURRENT_PROJECT_VERSION = 1;
				GENERATE_INFOPLIST_FILE = YES;
				IPHONEOS_DEPLOYMENT_TARGET = 17.2;
				MARKETING_VERSION = 1.0;
				PRODUCT_BUNDLE_IDENTIFIER = "Garrett-Keyes.Dicee-SwiftUITests";
				PRODUCT_NAME = "$(TARGET_NAME)";
				SWIFT_EMIT_LOC_STRINGS = NO;
				SWIFT_VERSION = 5.0;
				TARGETED_DEVICE_FAMILY = "1,2";
				TEST_HOST = "$(BUILT_PRODUCTS_DIR)/Dicee-SwiftUI.app/$(BUNDLE_EXECUTABLE_FOLDER_PATH)/Dicee-SwiftUI";
			};
			name = Debug;
		};
		267B9D672B8137A400F0953E /* Release */ = {
			isa = XCBuildConfiguration;
			buildSettings = {
				ALWAYS_EMBED_SWIFT_STANDARD_LIBRARIES = YES;
				BUNDLE_LOADER = "$(TEST_HOST)";
				CODE_SIGN_STYLE = Automatic;
				CURRENT_PROJECT_VERSION = 1;
				GENERATE_INFOPLIST_FILE = YES;
				IPHONEOS_DEPLOYMENT_TARGET = 17.2;
				MARKETING_VERSION = 1.0;
				PRODUCT_BUNDLE_IDENTIFIER = "Garrett-Keyes.Dicee-SwiftUITests";
				PRODUCT_NAME = "$(TARGET_NAME)";
				SWIFT_EMIT_LOC_STRINGS = NO;
				SWIFT_VERSION = 5.0;
				TARGETED_DEVICE_FAMILY = "1,2";
				TEST_HOST = "$(BUILT_PRODUCTS_DIR)/Dicee-SwiftUI.app/$(BUNDLE_EXECUTABLE_FOLDER_PATH)/Dicee-SwiftUI";
			};
			name = Release;
		};
		267B9D692B8137A400F0953E /* Debug */ = {
			isa = XCBuildConfiguration;
			buildSettings = {
				ALWAYS_EMBED_SWIFT_STANDARD_LIBRARIES = YES;
				CODE_SIGN_STYLE = Automatic;
				CURRENT_PROJECT_VERSION = 1;
				GENERATE_INFOPLIST_FILE = YES;
				MARKETING_VERSION = 1.0;
				PRODUCT_BUNDLE_IDENTIFIER = "Garrett-Keyes.Dicee-SwiftUIUITests";
				PRODUCT_NAME = "$(TARGET_NAME)";
				SWIFT_EMIT_LOC_STRINGS = NO;
				SWIFT_VERSION = 5.0;
				TARGETED_DEVICE_FAMILY = "1,2";
				TEST_TARGET_NAME = "Dicee-SwiftUI";
			};
			name = Debug;
		};
		267B9D6A2B8137A400F0953E /* Release */ = {
			isa = XCBuildConfiguration;
			buildSettings = {
				ALWAYS_EMBED_SWIFT_STANDARD_LIBRARIES = YES;
				CODE_SIGN_STYLE = Automatic;
				CURRENT_PROJECT_VERSION = 1;
				GENERATE_INFOPLIST_FILE = YES;
				MARKETING_VERSION = 1.0;
				PRODUCT_BUNDLE_IDENTIFIER = "Garrett-Keyes.Dicee-SwiftUIUITests";
				PRODUCT_NAME = "$(TARGET_NAME)";
				SWIFT_EMIT_LOC_STRINGS = NO;
				SWIFT_VERSION = 5.0;
				TARGETED_DEVICE_FAMILY = "1,2";
				TEST_TARGET_NAME = "Dicee-SwiftUI";
			};
			name = Release;
		};
/* End XCBuildConfiguration section */

/* Begin XCConfigurationList section */
		267B9D392B8137A100F0953E /* Build configuration list for PBXProject "Dicee-SwiftUI" */ = {
			isa = XCConfigurationList;
			buildConfigurations = (
				267B9D602B8137A400F0953E /* Debug */,
				267B9D612B8137A400F0953E /* Release */,
			);
			defaultConfigurationIsVisible = 0;
			defaultConfigurationName = Release;
		};
		267B9D622B8137A400F0953E /* Build configuration list for PBXNativeTarget "Dicee-SwiftUI" */ = {
			isa = XCConfigurationList;
			buildConfigurations = (
				267B9D632B8137A400F0953E /* Debug */,
				267B9D642B8137A400F0953E /* Release */,
			);
			defaultConfigurationIsVisible = 0;
			defaultConfigurationName = Release;
		};
		267B9D652B8137A400F0953E /* Build configuration list for PBXNativeTarget "Dicee-SwiftUITests" */ = {
			isa = XCConfigurationList;
			buildConfigurations = (
				267B9D662B8137A400F0953E /* Debug */,
				267B9D672B8137A400F0953E /* Release */,
			);
			defaultConfigurationIsVisible = 0;
			defaultConfigurationName = Release;
		};
		267B9D682B8137A400F0953E /* Build configuration list for PBXNativeTarget "Dicee-SwiftUIUITests" */ = {
			isa = XCConfigurationList;
			buildConfigurations = (
				267B9D692B8137A400F0953E /* Debug */,
				267B9D6A2B8137A400F0953E /* Release */,
			);
			defaultConfigurationIsVisible = 0;
			defaultConfigurationName = Release;
		};
/* End XCConfigurationList section */
	};
	rootObject = 267B9D362B8137A100F0953E /* Project object */;
}
